{
  "name": "tre-creds",
  "version": "1.0.0",
  "lockfileVersion": 3,
  "requires": true,
  "packages": {
    "": {
      "name": "tre-creds",
      "version": "1.0.0",
      "license": "ISC",
      "dependencies": {
        "minimist": "^1.2.8",
        "ssb-keys": "^8.5.0"
      },
      "bin": {
        "tre-creds": "cli.js"
      }
    },
    "node_modules/chloride": {
      "version": "2.4.1",
      "resolved": "https://registry.npmjs.org/chloride/-/chloride-2.4.1.tgz",
      "integrity": "sha512-ZiID87W2o2llvuF4C7Fvt9GJisazSdMsSkjAq4WaMed9zn77nlkcy08ZfrPtOGAXyaxTDj0VjnuyD97EdJLz3g==",
      "license": "MIT",
      "dependencies": {
        "sodium-browserify": "^1.2.7",
        "sodium-browserify-tweetnacl": "^0.2.5",
        "sodium-chloride": "^1.1.2"
      },
      "optionalDependencies": {
        "sodium-native": "^3.0.0"
      }
    },
    "node_modules/chloride-test": {
      "version": "1.2.4",
      "resolved": "https://registry.npmjs.org/chloride-test/-/chloride-test-1.2.4.tgz",
      "integrity": "sha512-9vhoi1qXSBPn6//ZxIgSe3M2QhKHzIPZQzmrZgmPADsqW0Jxpe3db1e7aGSRUMXbxAQ04SfypdT8dGaSvIvKDw==",
      "license": "MIT",
      "dependencies": {
        "json-buffer": "^2.0.11"
      }
    },
    "node_modules/ed2curve": {
      "version": "0.1.4",
      "resolved": "https://registry.npmjs.org/ed2curve/-/ed2curve-0.1.4.tgz",
      "integrity": "sha512-hDZWhCHZ1wu4P2g2RVsM2MjDmmJzhvcsXr5qHUSBJZXvuhJSunhbVsWoBXdIe0/yTa3RV4UaWpOmFmrVsKr0wA==",
      "license": "Public domain",
      "dependencies": {
        "tweetnacl": "0.x.x"
      }
    },
    "node_modules/inherits": {
      "version": "2.0.4",
      "resolved": "https://registry.npmjs.org/inherits/-/inherits-2.0.4.tgz",
      "integrity": "sha512-k/vGaX4/Yla3WzyMCvTQOXYeIHvqOKtnqBduzTHpzpQZzAskKMhZ2K+EnBiSM9zGSoIFeMpXKxa4dYeZIQqewQ==",
      "license": "ISC"
    },
    "node_modules/json-buffer": {
      "version": "2.0.11",
      "resolved": "https://registry.npmjs.org/json-buffer/-/json-buffer-2.0.11.tgz",
      "integrity": "sha512-Wu4/hxSZX7Krzjor+sZHWaRau6Be4WQHlrkl3v8cmxRBBewF2TotlgHUedKQJyFiUyFxnK/ZlRYnR9UNVZ7pkg==",
      "license": "MIT"
    },
    "node_modules/libsodium": {
      "version": "0.7.15",
      "resolved": "https://registry.npmjs.org/libsodium/-/libsodium-0.7.15.tgz",
      "integrity": "sha512-sZwRknt/tUpE2AwzHq3jEyUU5uvIZHtSssktXq7owd++3CSgn8RGrv6UZJJBpP7+iBghBqe7Z06/2M31rI2NKw==",
      "license": "ISC"
    },
    "node_modules/libsodium-wrappers": {
      "version": "0.7.15",
      "resolved": "https://registry.npmjs.org/libsodium-wrappers/-/libsodium-wrappers-0.7.15.tgz",
      "integrity": "sha512-E4anqJQwcfiC6+Yrl01C1m8p99wEhLmJSs0VQqST66SbQXXBoaJY0pF4BNjRYa/sOQAxx6lXAaAFIlx+15tXJQ==",
      "license": "ISC",
      "dependencies": {
        "libsodium": "^0.7.15"
      }
    },
    "node_modules/minimist": {
      "version": "1.2.8",
      "resolved": "https://registry.npmjs.org/minimist/-/minimist-1.2.8.tgz",
      "integrity": "sha512-2yyAR8qBkN3YuheJanUpWC5U3bb5osDywNB8RzDVlDwDHbocAJveqqj1u8+SVD7jkWT4yvsHCpWqqWqAxb0zCA==",
      "license": "MIT",
      "funding": {
        "url": "https://github.com/sponsors/ljharb"
      }
    },
    "node_modules/mkdirp": {
      "version": "0.5.6",
      "resolved": "https://registry.npmjs.org/mkdirp/-/mkdirp-0.5.6.tgz",
      "integrity": "sha512-FP+p8RB8OWpF3YZBCrP5gtADmtXApB5AMLn+vdyA+PyxCjrCs00mjyUozssO33cwDeT3wNGdLxJ5M//YqtHAJw==",
      "license": "MIT",
      "dependencies": {
        "minimist": "^1.2.6"
      },
      "bin": {
        "mkdirp": "bin/cmd.js"
      }
    },
    "node_modules/node-gyp-build": {
      "version": "4.8.3",
      "resolved": "https://registry.npmjs.org/node-gyp-build/-/node-gyp-build-4.8.3.tgz",
      "integrity": "sha512-EMS95CMJzdoSKoIiXo8pxKoL8DYxwIZXYlLmgPb8KUv794abpnLK6ynsCAWNliOjREKruYKdzbh76HHYUHX7nw==",
      "license": "MIT",
      "optional": true,
      "bin": {
        "node-gyp-build": "bin.js",
        "node-gyp-build-optional": "optional.js",
        "node-gyp-build-test": "build-test.js"
      }
    },
    "node_modules/private-box": {
      "version": "0.3.1",
      "resolved": "https://registry.npmjs.org/private-box/-/private-box-0.3.1.tgz",
      "integrity": "sha512-abAuk3ZDyQvPLY6MygtwaDTUBIZ0C5wMMuX1jXa0svazV+keTwn7cPobRv4WYA9ctsDUztm/9CYu4y2TPL08xw==",
      "license": "MIT",
      "dependencies": {
        "chloride": "^2.2.9"
      }
    },
    "node_modules/safe-buffer": {
      "version": "5.2.1",
      "resolved": "https://registry.npmjs.org/safe-buffer/-/safe-buffer-5.2.1.tgz",
      "integrity": "sha512-rp3So07KcdmmKbGvgaNxQSJr7bGVSVk5S9Eq1F+ppbRo70+YeaDxkw5Dd8NPN+GD6bjnYm2VuPuCXmpuYvmCXQ==",
      "funding": [
        {
          "type": "github",
          "url": "https://github.com/sponsors/feross"
        },
        {
          "type": "patreon",
          "url": "https://www.patreon.com/feross"
        },
        {
          "type": "consulting",
          "url": "https://feross.org/support"
        }
      ],
      "license": "MIT"
    },
    "node_modules/sha.js": {
      "version": "2.4.5",
      "resolved": "https://registry.npmjs.org/sha.js/-/sha.js-2.4.5.tgz",
      "integrity": "sha512-459AP5kwdIhtMLLE1+h2q5a6E7hyY7Ri88GUIhFsyrQinKkm+7qj1ARHELow7GkFS7oimWmIwhXTSxBsuNuOsw==",
      "license": "MIT",
      "dependencies": {
        "inherits": "^2.0.1"
      },
      "bin": {
        "sha.js": "bin.js"
      }
    },
    "node_modules/sodium-browserify": {
      "version": "1.3.0",
      "resolved": "https://registry.npmjs.org/sodium-browserify/-/sodium-browserify-1.3.0.tgz",
      "integrity": "sha512-1KRS6Oew3X13AIZhbmGF0YBdt2pQdafJMfv83OZHWbzxG92YBBnN8HYx/VKmYB4xCe90eidNaDJWBEFw/o3ahw==",
      "license": "MIT",
      "dependencies": {
        "libsodium-wrappers": "^0.7.4",
        "sha.js": "2.4.5",
        "sodium-browserify-tweetnacl": "^0.2.5",
        "tweetnacl": "^0.14.1"
      }
    },
    "node_modules/sodium-browserify-tweetnacl": {
      "version": "0.2.6",
      "resolved": "https://registry.npmjs.org/sodium-browserify-tweetnacl/-/sodium-browserify-tweetnacl-0.2.6.tgz",
      "integrity": "sha512-ZnEI26hdluilpYY28Xc4rc1ALfmEp2TWihkJX6Mdtw0z9RfHfpZJU7P8DoKbN1HcBdU9aJmguFZs7igE8nLJPg==",
      "license": "MIT",
      "dependencies": {
        "chloride-test": "^1.1.0",
        "ed2curve": "^0.1.4",
        "sha.js": "^2.4.8",
        "tweetnacl": "^1.0.1",
        "tweetnacl-auth": "^0.3.0"
      }
    },
    "node_modules/sodium-browserify-tweetnacl/node_modules/sha.js": {
      "version": "2.4.11",
      "resolved": "https://registry.npmjs.org/sha.js/-/sha.js-2.4.11.tgz",
      "integrity": "sha512-QMEp5B7cftE7APOjk5Y6xgrbWu+WkLVQwk8JNjZ8nKRciZaByEW6MubieAiToS7+dwvrjGhH8jRXz3MVd0AYqQ==",
      "license": "(MIT AND BSD-3-Clause)",
      "dependencies": {
        "inherits": "^2.0.1",
        "safe-buffer": "^5.0.1"
      },
      "bin": {
        "sha.js": "bin.js"
      }
    },
    "node_modules/sodium-browserify-tweetnacl/node_modules/tweetnacl": {
      "version": "1.0.3",
      "resolved": "https://registry.npmjs.org/tweetnacl/-/tweetnacl-1.0.3.tgz",
      "integrity": "sha512-6rt+RN7aOi1nGMyC4Xa5DdYiukl2UWCbcJft7YhxReBGQD7OAM8Pbxw6YMo4r2diNEA8FEmu32YOn9rhaiE5yw==",
      "license": "Unlicense"
    },
    "node_modules/sodium-chloride": {
      "version": "1.1.2",
      "resolved": "https://registry.npmjs.org/sodium-chloride/-/sodium-chloride-1.1.2.tgz",
      "integrity": "sha512-8AVzr9VHueXqfzfkzUA0aXe/Q4XG3UTmhlP6Pt+HQc5bbAPIJFo7ZIMh9tvn+99QuiMcyDJdYumegGAczl0N+g==",
      "license": "MIT"
    },
    "node_modules/sodium-native": {
      "version": "3.4.1",
      "resolved": "https://registry.npmjs.org/sodium-native/-/sodium-native-3.4.1.tgz",
      "integrity": "sha512-PaNN/roiFWzVVTL6OqjzYct38NSXewdl2wz8SRB51Br/MLIJPrbM3XexhVWkq7D3UWMysfrhKVf1v1phZq6MeQ==",
      "hasInstallScript": true,
      "license": "MIT",
      "optional": true,
      "dependencies": {
        "node-gyp-build": "^4.3.0"
      }
    },
    "node_modules/ssb-keys": {
      "version": "8.5.0",
      "resolved": "https://registry.npmjs.org/ssb-keys/-/ssb-keys-8.5.0.tgz",
      "integrity": "sha512-Fdgnz5QQ/oK/bMf5Hkaqss/INqiKHFHG4RKDk3StWrQC4fUKMSL/GfnkxFlcLFGhVomzxUmhtAnhJQx2WecEKQ==",
      "license": "MIT",
      "dependencies": {
        "chloride": "~2.4.1",
        "mkdirp": "~0.5.0",
        "private-box": "~0.3.0",
        "ssb-uri2": "^2.1.0"
      },
      "engines": {
        "node": ">=5.10.0"
      }
    },
    "node_modules/ssb-typescript": {
      "version": "2.8.0",
      "resolved": "https://registry.npmjs.org/ssb-typescript/-/ssb-typescript-2.8.0.tgz",
      "integrity": "sha512-akqVsc2HNM0x5q4iN8v/t0jDuNOyU8E8UfyObqU4qWALIXLUptUQd1n03bWOcDn/+sjb2CLpjq584gDoQ4gEjw==",
      "license": "MIT"
    },
    "node_modules/ssb-uri2": {
      "version": "2.4.1",
      "resolved": "https://registry.npmjs.org/ssb-uri2/-/ssb-uri2-2.4.1.tgz",
      "integrity": "sha512-3Oia/V8Q7kWj2/Wcw67yKSkMcxQIAIHGDZ4CsQxqVrEjqApYkQ5Drj0nlyFCA/qX8HF0ILFwIrHuQesk0s2PkQ==",
      "license": "LGPL-3.0",
      "dependencies": {
        "ssb-typescript": "^2.5.0"
      },
      "engines": {
        "node": ">=10"
      }
    },
    "node_modules/tweetnacl": {
      "version": "0.14.5",
      "resolved": "https://registry.npmjs.org/tweetnacl/-/tweetnacl-0.14.5.tgz",
      "integrity": "sha512-KXXFFdAbFXY4geFIwoyNK+f5Z1b7swfXABfL7HXCmoIWMKU3dmS26672A4EeQtDzLKy7SXmfBu51JolvEKwtGA==",
      "license": "Unlicense"
    },
    "node_modules/tweetnacl-auth": {
      "version": "0.3.1",
      "resolved": "https://registry.npmjs.org/tweetnacl-auth/-/tweetnacl-auth-0.3.1.tgz",
      "integrity": "sha512-9/c8c6qRMTfWuv54ETFhihgYoofi0M9HUovMSGJ1rLRUj6O5A0vuCg2L/qKfvmcjLVhaTgAJCLy2EqCLJK2QLw==",
      "license": "Unlicense",
      "dependencies": {
        "tweetnacl": "0.x.x"
      }
    }
  }
}
